
Microsoft Visual Studio Solution File, Format Version 12.00
# Visual Studio Version 16
VisualStudioVersion = 16.0.30204.135
MinimumVisualStudioVersion = 10.0.40219.1
Project("{FAE04EC0-301F-11D3-BF4B-00C04F79EFBC}") = "IntroducingCS", "IntroducingCS\IntroducingCS.csproj", "{F9EB9329-D253-4856-8B69-45A6B072A357}"
EndProject
Global
	GlobalSection(SolutionConfigurationPlatforms) = preSolution
		Debug|Any CPU = Debug|Any CPU
		Release|Any CPU = Release|Any CPU
	EndGlobalSection
	GlobalSection(ProjectConfigurationPlatforms) = postSolution
		{F9EB9329-D253-4856-8B69-45A6B072A357}.Debug|Any CPU.ActiveCfg = Debug|Any CPU
		{F9EB9329-D253-4856-8B69-45A6B072A357}.Debug|Any CPU.Build.0 = Debug|Any CPU
		{F9EB9329-D253-4856-8B69-45A6B072A357}.Release|Any CPU.ActiveCfg = Release|Any CPU
		{F9EB9329-D253-4856-8B69-45A6B072A357}.Release|Any CPU.Build.0 = Release|Any CPU
	EndGlobalSection
	GlobalSection(SolutionProperties) = preSolution
		HideSolutionNode = FALSE
	EndGlobalSection
	GlobalSection(ExtensibilityGlobals) = postSolution
		SolutionGuid = {6353B23B-D0DA-4D28-88EE-FD9480DCBD91}
	EndGlobalSection
EndGlobal
